
Microsoft Visual Studio Solution File, Format Version 12.00
# Visual Studio Version 17
VisualStudioVersion = 17.3.32901.215
MinimumVisualStudioVersion = 10.0.40219.1
Project("{8BC9CEB8-8B4A-11D0-8D11-00A0C91BC942}") = "OOP_10_02_2023 Repetition", "OOP_10_02_2023 Repetition\OOP_10_02_2023 Repetition.vcxproj", "{5BB482D7-5CAE-4F4B-9DF2-135948557D4C}"
EndProject
Global
	GlobalSection(SolutionConfigurationPlatforms) = preSolution
		Debug|x64 = Debug|x64
		Debug|x86 = Debug|x86
		Release|x64 = Release|x64
		Release|x86 = Release|x86
	EndGlobalSection
	GlobalSection(ProjectConfigurationPlatforms) = postSolution
		{5BB482D7-5CAE-4F4B-9DF2-135948557D4C}.Debug|x64.ActiveCfg = Debug|x64
		{5BB482D7-5CAE-4F4B-9DF2-135948557D4C}.Debug|x64.Build.0 = Debug|x64
		{5BB482D7-5CAE-4F4B-9DF2-135948557D4C}.Debug|x86.ActiveCfg = Debug|Win32
		{5BB482D7-5CAE-4F4B-9DF2-135948557D4C}.Debug|x86.Build.0 = Debug|Win32
		{5BB482D7-5CAE-4F4B-9DF2-135948557D4C}.Release|x64.ActiveCfg = Release|x64
		{5BB482D7-5CAE-4F4B-9DF2-135948557D4C}.Release|x64.Build.0 = Release|x64
		{5BB482D7-5CAE-4F4B-9DF2-135948557D4C}.Release|x86.ActiveCfg = Release|Win32
		{5BB482D7-5CAE-4F4B-9DF2-135948557D4C}.Release|x86.Build.0 = Release|Win32
	EndGlobalSection
	GlobalSection(SolutionProperties) = preSolution
		HideSolutionNode = FALSE
	EndGlobalSection
	GlobalSection(ExtensibilityGlobals) = postSolution
		SolutionGuid = {0675D057-50E4-47E9-B7CD-BF340D503091}
	EndGlobalSection
EndGlobal
